// !$*UTF8*$!
{
	archiveVersion = 1;
	classes = {
	};
	objectVersion = 46;
	objects = {

/* Begin PBXBuildFile section */
		26C920E715342DA5009B6DB3 /* Cocoa.framework in Frameworks */ = {isa = PBXBuildFile; fileRef = 26C920E615342DA5009B6DB3 /* Cocoa.framework */; };
		26C920F115342DA5009B6DB3 /* InfoPlist.strings in Resources */ = {isa = PBXBuildFile; fileRef = 26C920EF15342DA5009B6DB3 /* InfoPlist.strings */; };
		26C920F315342DA5009B6DB3 /* main.m in Sources */ = {isa = PBXBuildFile; fileRef = 26C920F215342DA5009B6DB3 /* main.m */; };
		26C920F715342DA5009B6DB3 /* Credits.rtf in Resources */ = {isa = PBXBuildFile; fileRef = 26C920F515342DA5009B6DB3 /* Credits.rtf */; };
		26C920FA15342DA5009B6DB3 /* CZAppDelegate.m in Sources */ = {isa = PBXBuildFile; fileRef = 26C920F915342DA5009B6DB3 /* CZAppDelegate.m */; };
		26C920FD15342DA5009B6DB3 /* MainMenu.xib in Resources */ = {isa = PBXBuildFile; fileRef = 26C920FB15342DA5009B6DB3 /* MainMenu.xib */; };
		26C9210515343175009B6DB3 /* CZBadgeWindowController.m in Sources */ = {isa = PBXBuildFile; fileRef = 26C9210415343175009B6DB3 /* CZBadgeWindowController.m */; };
/* End PBXBuildFile section */

/* Begin PBXFileReference section */
		26C920E215342DA5009B6DB3 /* Badge.app */ = {isa = PBXFileReference; explicitFileType = wrapper.application; includeInIndex = 0; path = Badge.app; sourceTree = BUILT_PRODUCTS_DIR; };
		26C920E615342DA5009B6DB3 /* Cocoa.framework */ = {isa = PBXFileReference; lastKnownFileType = wrapper.framework; name = Cocoa.framework; path = System/Library/Frameworks/Cocoa.framework; sourceTree = SDKROOT; };
		26C920E915342DA5009B6DB3 /* AppKit.framework */ = {isa = PBXFileReference; lastKnownFileType = wrapper.framework; name = AppKit.framework; path = System/Library/Frameworks/AppKit.framework; sourceTree = SDKROOT; };
		26C920EA15342DA5009B6DB3 /* CoreData.framework */ = {isa = PBXFileReference; lastKnownFileType = wrapper.framework; name = CoreData.framework; path = System/Library/Frameworks/CoreData.framework; sourceTree = SDKROOT; };
		26C920EB15342DA5009B6DB3 /* Foundation.framework */ = {isa = PBXFileReference; lastKnownFileType = wrapper.framework; name = Foundation.framework; path = System/Library/Frameworks/Foundation.framework; sourceTree = SDKROOT; };
		26C920EE15342DA5009B6DB3 /* Badge-Info.plist */ = {isa = PBXFileReference; lastKnownFileType = text.plist.xml; path = "Badge-Info.plist"; sourceTree = "<group>"; };
		26C920F015342DA5009B6DB3 /* en */ = {isa = PBXFileReference; lastKnownFileType = text.plist.strings; name = en; path = en.lproj/InfoPlist.strings; sourceTree = "<group>"; };
		26C920F215342DA5009B6DB3 /* main.m */ = {isa = PBXFileReference; lastKnownFileType = sourcecode.c.objc; path = main.m; sourceTree = "<group>"; };
		26C920F415342DA5009B6DB3 /* Badge-Prefix.pch */ = {isa = PBXFileReference; lastKnownFileType = sourcecode.c.h; path = "Badge-Prefix.pch"; sourceTree = "<group>"; };
		26C920F615342DA5009B6DB3 /* en */ = {isa = PBXFileReference; lastKnownFileType = text.rtf; name = en; path = en.lproj/Credits.rtf; sourceTree = "<group>"; };
		26C920F815342DA5009B6DB3 /* CZAppDelegate.h */ = {isa = PBXFileReference; lastKnownFileType = sourcecode.c.h; path = CZAppDelegate.h; sourceTree = "<group>"; };
		26C920F915342DA5009B6DB3 /* CZAppDelegate.m */ = {isa = PBXFileReference; lastKnownFileType = sourcecode.c.objc; path = CZAppDelegate.m; sourceTree = "<group>"; };
		26C920FC15342DA5009B6DB3 /* en */ = {isa = PBXFileReference; lastKnownFileType = file.xib; name = en; path = en.lproj/MainMenu.xib; sourceTree = "<group>"; };
		26C9210315343175009B6DB3 /* CZBadgeWindowController.h */ = {isa = PBXFileReference; fileEncoding = 4; lastKnownFileType = sourcecode.c.h; path = CZBadgeWindowController.h; sourceTree = "<group>"; };
		26C9210415343175009B6DB3 /* CZBadgeWindowController.m */ = {isa = PBXFileReference; fileEncoding = 4; lastKnownFileType = sourcecode.c.objc; path = CZBadgeWindowController.m; sourceTree = "<group>"; };
/* End PBXFileReference section */

/* Begin PBXFrameworksBuildPhase section */
		26C920DF15342DA5009B6DB3 /* Frameworks */ = {
			isa = PBXFrameworksBuildPhase;
			buildActionMask = 2147483647;
			files = (
				26C920E715342DA5009B6DB3 /* Cocoa.framework in Frameworks */,
			);
			runOnlyForDeploymentPostprocessing = 0;
		};
/* End PBXFrameworksBuildPhase section */

/* Begin PBXGroup section */
		26C920D715342DA4009B6DB3 = {
			isa = PBXGroup;
			children = (
				26C920EC15342DA5009B6DB3 /* Badge */,
				26C920E515342DA5009B6DB3 /* Frameworks */,
				26C920E315342DA5009B6DB3 /* Products */,
			);
			sourceTree = "<group>";
		};
		26C920E315342DA5009B6DB3 /* Products */ = {
			isa = PBXGroup;
			children = (
				26C920E215342DA5009B6DB3 /* Badge.app */,
			);
			name = Products;
			sourceTree = "<group>";
		};
		26C920E515342DA5009B6DB3 /* Frameworks */ = {
			isa = PBXGroup;
			children = (
				26C920E615342DA5009B6DB3 /* Cocoa.framework */,
				26C920E815342DA5009B6DB3 /* Other Frameworks */,
			);
			name = Frameworks;
			sourceTree = "<group>";
		};
		26C920E815342DA5009B6DB3 /* Other Frameworks */ = {
			isa = PBXGroup;
			children = (
				26C920E915342DA5009B6DB3 /* AppKit.framework */,
				26C920EA15342DA5009B6DB3 /* CoreData.framework */,
				26C920EB15342DA5009B6DB3 /* Foundation.framework */,
			);
			name = "Other Frameworks";
			sourceTree = "<group>";
		};
		26C920EC15342DA5009B6DB3 /* Badge */ = {
			isa = PBXGroup;
			children = (
				26C920F815342DA5009B6DB3 /* CZAppDelegate.h */,
				26C920F915342DA5009B6DB3 /* CZAppDelegate.m */,
				26C920FB15342DA5009B6DB3 /* MainMenu.xib */,
				26C9210315343175009B6DB3 /* CZBadgeWindowController.h */,
				26C9210415343175009B6DB3 /* CZBadgeWindowController.m */,
				26C920ED15342DA5009B6DB3 /* Supporting Files */,
			);
			path = Badge;
			sourceTree = "<group>";
		};
		26C920ED15342DA5009B6DB3 /* Supporting Files */ = {
			isa = PBXGroup;
			children = (
				26C920F215342DA5009B6DB3 /* main.m */,
				26C920F415342DA5009B6DB3 /* Badge-Prefix.pch */,
				26C920EE15342DA5009B6DB3 /* Badge-Info.plist */,
				26C920F515342DA5009B6DB3 /* Credits.rtf */,
				26C920EF15342DA5009B6DB3 /* InfoPlist.strings */,
			);
			name = "Supporting Files";
			sourceTree = "<group>";
		};
/* End PBXGroup section */

/* Begin PBXNativeTarget section */
		26C920E115342DA5009B6DB3 /* Badge */ = {
			isa = PBXNativeTarget;
			buildConfigurationList = 26C9210015342DA5009B6DB3 /* Build configuration list for PBXNativeTarget "Badge" */;
			buildPhases = (
				26C920DE15342DA5009B6DB3 /* Sources */,
				26C920DF15342DA5009B6DB3 /* Frameworks */,
				26C920E015342DA5009B6DB3 /* Resources */,
			);
			buildRules = (
			);
			dependencies = (
			);
			name = Badge;
			productName = Badge;
			productReference = 26C920E215342DA5009B6DB3 /* Badge.app */;
			productType = "com.apple.product-type.application";
		};
/* End PBXNativeTarget section */

/* Begin PBXProject section */
		26C920D915342DA4009B6DB3 /* Project object */ = {
			isa = PBXProject;
			attributes = {
				CLASSPREFIX = CZ;
				LastUpgradeCheck = 0430;
				ORGANIZATIONNAME = "Coders Zone";
			};
			buildConfigurationList = 26C920DC15342DA4009B6DB3 /* Build configuration list for PBXProject "Badge" */;
			compatibilityVersion = "Xcode 3.2";
			developmentRegion = English;
			hasScannedForEncodings = 0;
			knownRegions = (
				en,
			);
			mainGroup = 26C920D715342DA4009B6DB3;
			productRefGroup = 26C920E315342DA5009B6DB3 /* Products */;
			projectDirPath = "";
			projectRoot = "";
			targets = (
				26C920E115342DA5009B6DB3 /* Badge */,
			);
		};
/* End PBXProject section */

/* Begin PBXResourcesBuildPhase section */
		26C920E015342DA5009B6DB3 /* Resources */ = {
			isa = PBXResourcesBuildPhase;
			buildActionMask = 2147483647;
			files = (
				26C920F115342DA5009B6DB3 /* InfoPlist.strings in Resources */,
				26C920F715342DA5009B6DB3 /* Credits.rtf in Resources */,
				26C920FD15342DA5009B6DB3 /* MainMenu.xib in Resources */,
			);
			runOnlyForDeploymentPostprocessing = 0;
		};
/* End PBXResourcesBuildPhase section */

/* Begin PBXSourcesBuildPhase section */
		26C920DE15342DA5009B6DB3 /* Sources */ = {
			isa = PBXSourcesBuildPhase;
			buildActionMask = 2147483647;
			files = (
				26C920F315342DA5009B6DB3 /* main.m in Sources */,
				26C920FA15342DA5009B6DB3 /* CZAppDelegate.m in Sources */,
				26C9210515343175009B6DB3 /* CZBadgeWindowController.m in Sources */,
			);
			runOnlyForDeploymentPostprocessing = 0;
		};
/* End PBXSourcesBuildPhase section */

/* Begin PBXVariantGroup section */
		26C920EF15342DA5009B6DB3 /* InfoPlist.strings */ = {
			isa = PBXVariantGroup;
			children = (
				26C920F015342DA5009B6DB3 /* en */,
			);
			name = InfoPlist.strings;
			sourceTree = "<group>";
		};
		26C920F515342DA5009B6DB3 /* Credits.rtf */ = {
			isa = PBXVariantGroup;
			children = (
				26C920F615342DA5009B6DB3 /* en */,
			);
			name = Credits.rtf;
			sourceTree = "<group>";
		};
		26C920FB15342DA5009B6DB3 /* MainMenu.xib */ = {
			isa = PBXVariantGroup;
			children = (
				26C920FC15342DA5009B6DB3 /* en */,
			);
			name = MainMenu.xib;
			sourceTree = "<group>";
		};
/* End PBXVariantGroup section */

/* Begin XCBuildConfiguration section */
		26C920FE15342DA5009B6DB3 /* Debug */ = {
			isa = XCBuildConfiguration;
			buildSettings = {
				ALWAYS_SEARCH_USER_PATHS = NO;
				ARCHS = "$(ARCHS_STANDARD_64_BIT)";
				COPY_PHASE_STRIP = NO;
				GCC_C_LANGUAGE_STANDARD = gnu99;
				GCC_DYNAMIC_NO_PIC = NO;
				GCC_ENABLE_OBJC_EXCEPTIONS = YES;
				GCC_OPTIMIZATION_LEVEL = 0;
				GCC_PREPROCESSOR_DEFINITIONS = (
					"DEBUG=1",
					"$(inherited)",
				);
				GCC_SYMBOLS_PRIVATE_EXTERN = NO;
				GCC_VERSION = com.apple.compilers.llvm.clang.1_0;
				GCC_WARN_64_TO_32_BIT_CONVERSION = YES;
				GCC_WARN_ABOUT_RETURN_TYPE = YES;
				GCC_WARN_UNINITIALIZED_AUTOS = YES;
				GCC_WARN_UNUSED_VARIABLE = YES;
				MACOSX_DEPLOYMENT_TARGET = 10.7;
				ONLY_ACTIVE_ARCH = YES;
				SDKROOT = macosx;
			};
			name = Debug;
		};
		26C920FF15342DA5009B6DB3 /* Release */ = {
			isa = XCBuildConfiguration;
			buildSettings = {
				ALWAYS_SEARCH_USER_PATHS = NO;
				ARCHS = "$(ARCHS_STANDARD_64_BIT)";
				COPY_PHASE_STRIP = YES;
				DEBUG_INFORMATION_FORMAT = "dwarf-with-dsym";
				GCC_C_LANGUAGE_STANDARD = gnu99;
				GCC_ENABLE_OBJC_EXCEPTIONS = YES;
				GCC_VERSION = com.apple.compilers.llvm.clang.1_0;
				GCC_WARN_64_TO_32_BIT_CONVERSION = YES;
				GCC_WARN_ABOUT_RETURN_TYPE = YES;
				GCC_WARN_UNINITIALIZED_AUTOS = YES;
				GCC_WARN_UNUSED_VARIABLE = YES;
				MACOSX_DEPLOYMENT_TARGET = 10.7;
				SDKROOT = macosx;
			};
			name = Release;
		};
		26C9210115342DA5009B6DB3 /* Debug */ = {
			isa = XCBuildConfiguration;
			buildSettings = {
				GCC_PRECOMPILE_PREFIX_HEADER = YES;
				GCC_PREFIX_HEADER = "Badge/Badge-Prefix.pch";
				INFOPLIST_FILE = "Badge/Badge-Info.plist";
				PRODUCT_NAME = "$(TARGET_NAME)";
				WRAPPER_EXTENSION = app;
			};
			name = Debug;
		};
		26C9210215342DA5009B6DB3 /* Release */ = {
			isa = XCBuildConfiguration;
			buildSettings = {
				GCC_PRECOMPILE_PREFIX_HEADER = YES;
				GCC_PREFIX_HEADER = "Badge/Badge-Prefix.pch";
				INFOPLIST_FILE = "Badge/Badge-Info.plist";
				PRODUCT_NAME = "$(TARGET_NAME)";
				WRAPPER_EXTENSION = app;
			};
			name = Release;
		};
/* End XCBuildConfiguration section */

/* Begin XCConfigurationList section */
		26C920DC15342DA4009B6DB3 /* Build configuration list for PBXProject "Badge" */ = {
			isa = XCConfigurationList;
			buildConfigurations = (
				26C920FE15342DA5009B6DB3 /* Debug */,
				26C920FF15342DA5009B6DB3 /* Release */,
			);
			defaultConfigurationIsVisible = 0;
			defaultConfigurationName = Release;
		};
		26C9210015342DA5009B6DB3 /* Build configuration list for PBXNativeTarget "Badge" */ = {
			isa = XCConfigurationList;
			buildConfigurations = (
				26C9210115342DA5009B6DB3 /* Debug */,
				26C9210215342DA5009B6DB3 /* Release */,
			);
			defaultConfigurationIsVisible = 0;
		};
/* End XCConfigurationList section */
	};
	rootObject = 26C920D915342DA4009B6DB3 /* Project object */;
}
